
Microsoft Visual Studio Solution File, Format Version 12.00
# Visual Studio Version 16
VisualStudioVersion = 16.0.30517.126
MinimumVisualStudioVersion = 10.0.40219.1
Project("{FAE04EC0-301F-11D3-BF4B-00C04F79EFBC}") = "TopluMailGonderme", "TopluMailGonderme\TopluMailGonderme.csproj", "{0B97B69E-8CFC-4722-B0AA-331AD3A67285}"
EndProject
Global
	GlobalSection(SolutionConfigurationPlatforms) = preSolution
		Debug|Any CPU = Debug|Any CPU
		Release|Any CPU = Release|Any CPU
	EndGlobalSection
	GlobalSection(ProjectConfigurationPlatforms) = postSolution
		{0B97B69E-8CFC-4722-B0AA-331AD3A67285}.Debug|Any CPU.ActiveCfg = Debug|Any CPU
		{0B97B69E-8CFC-4722-B0AA-331AD3A67285}.Debug|Any CPU.Build.0 = Debug|Any CPU
		{0B97B69E-8CFC-4722-B0AA-331AD3A67285}.Release|Any CPU.ActiveCfg = Release|Any CPU
		{0B97B69E-8CFC-4722-B0AA-331AD3A67285}.Release|Any CPU.Build.0 = Release|Any CPU
	EndGlobalSection
	GlobalSection(SolutionProperties) = preSolution
		HideSolutionNode = FALSE
	EndGlobalSection
	GlobalSection(ExtensibilityGlobals) = postSolution
		SolutionGuid = {889EAA16-5294-4F2D-BA76-FB4A93AC7F1A}
	EndGlobalSection
EndGlobal
